
Microsoft Visual Studio Solution File, Format Version 12.00
# Visual Studio Version 17
VisualStudioVersion = 17.2.32630.192
MinimumVisualStudioVersion = 10.0.40219.1
Project("{FAE04EC0-301F-11D3-BF4B-00C04F79EFBC}") = "Api_TareasSP", "Api_TareasSP\Api_TareasSP.csproj", "{E332DEC2-9556-416F-96A2-F04D4B0BD598}"
EndProject
Project("{FAE04EC0-301F-11D3-BF4B-00C04F79EFBC}") = "TareasSP_DB", "TareasSP_DB\TareasSP_DB.csproj", "{21DB9A60-C08B-4AE0-841D-7D676DF6B807}"
EndProject
Global
	GlobalSection(SolutionConfigurationPlatforms) = preSolution
		Debug|Any CPU = Debug|Any CPU
		Release|Any CPU = Release|Any CPU
	EndGlobalSection
	GlobalSection(ProjectConfigurationPlatforms) = postSolution
		{E332DEC2-9556-416F-96A2-F04D4B0BD598}.Debug|Any CPU.ActiveCfg = Debug|Any CPU
		{E332DEC2-9556-416F-96A2-F04D4B0BD598}.Debug|Any CPU.Build.0 = Debug|Any CPU
		{E332DEC2-9556-416F-96A2-F04D4B0BD598}.Release|Any CPU.ActiveCfg = Release|Any CPU
		{E332DEC2-9556-416F-96A2-F04D4B0BD598}.Release|Any CPU.Build.0 = Release|Any CPU
		{21DB9A60-C08B-4AE0-841D-7D676DF6B807}.Debug|Any CPU.ActiveCfg = Debug|Any CPU
		{21DB9A60-C08B-4AE0-841D-7D676DF6B807}.Debug|Any CPU.Build.0 = Debug|Any CPU
		{21DB9A60-C08B-4AE0-841D-7D676DF6B807}.Release|Any CPU.ActiveCfg = Release|Any CPU
		{21DB9A60-C08B-4AE0-841D-7D676DF6B807}.Release|Any CPU.Build.0 = Release|Any CPU
	EndGlobalSection
	GlobalSection(SolutionProperties) = preSolution
		HideSolutionNode = FALSE
	EndGlobalSection
	GlobalSection(ExtensibilityGlobals) = postSolution
		SolutionGuid = {FB2839EE-9F6E-4B3F-A709-D0947C97DA8B}
	EndGlobalSection
EndGlobal
